// !$*UTF8*$!
{
	archiveVersion = 1;
	classes = {
	};
	objectVersion = 46;
	objects = {

/* Begin PBXAggregateTarget section */
		0577973DBF0FCDC5F67C0BEC /* ZERO_CHECK */ = {
			isa = PBXAggregateTarget;
			buildConfigurationList = A0373E7EBDB24D559C0C4079 /* Build configuration list for PBXAggregateTarget "ZERO_CHECK" */;
			buildPhases = (
				53AD72DF46A6B8A6D84FE727 /* Generate CMakeFiles/ZERO_CHECK */,
			);
			dependencies = (
			);
			name = ZERO_CHECK;
			productName = ZERO_CHECK;
		};
		7DD0C3EC7E707C491D7BB5D2 /* ALL_BUILD */ = {
			isa = PBXAggregateTarget;
			buildConfigurationList = 144FF06DD27E4EE98D74C19E /* Build configuration list for PBXAggregateTarget "ALL_BUILD" */;
			buildPhases = (
				6073BEC2C1228787D446BE3E /* Generate CMakeFiles/ALL_BUILD */,
			);
			dependencies = (
				67F1627B4CB642F48AB92B6A /* PBXTargetDependency */,
				0EF93499E5E7419A8674C96C /* PBXTargetDependency */,
			);
			name = ALL_BUILD;
			productName = ALL_BUILD;
		};
/* End PBXAggregateTarget section */

/* Begin PBXBuildFile section */
		140EEBE336A44069A9B5BC58 /* /Users/amin/Documents/CPPProjects/SimpeVoiceChat/VoiceChatClient/Message.h */ = {isa = PBXBuildFile; fileRef = C4765A6AEC01490B9771B939 /* /Users/amin/Documents/CPPProjects/SimpeVoiceChat/VoiceChatClient/Message.h */; };
		2206C18B10B140CCB177F4BF /* /Users/amin/Documents/CPPProjects/SimpeVoiceChat/VoiceChatClient/AudioTools.h */ = {isa = PBXBuildFile; fileRef = 0747394074F8441D963257E6 /* /Users/amin/Documents/CPPProjects/SimpeVoiceChat/VoiceChatClient/AudioTools.h */; };
		4DC1D962B1D24F73B2BB96A1 /* /Users/amin/Documents/CPPProjects/SimpeVoiceChat/VoiceChatClient/main.cpp */ = {isa = PBXBuildFile; fileRef = A0C4F3CDBA954596BD46E1AD /* /Users/amin/Documents/CPPProjects/SimpeVoiceChat/VoiceChatClient/main.cpp */; };
		781386E5FBB74D6EA17EA0D7 /* /Users/amin/Documents/CPPProjects/SimpeVoiceChat/VoiceChatClient/AudioTools.cpp */ = {isa = PBXBuildFile; fileRef = 4643C8DA087F455595D00FF5 /* /Users/amin/Documents/CPPProjects/SimpeVoiceChat/VoiceChatClient/AudioTools.cpp */; };
		A465FEF1B5B249D987BC9AF0 /* /Users/amin/Documents/CPPProjects/SimpeVoiceChat/VoiceChatClient/SocketClient.cpp */ = {isa = PBXBuildFile; fileRef = 9EFED51046AD4F4D9D4AA8F0 /* /Users/amin/Documents/CPPProjects/SimpeVoiceChat/VoiceChatClient/SocketClient.cpp */; };
		DDA2F5F1C4824860B3F37CE7 /* /Users/amin/Documents/CPPProjects/SimpeVoiceChat/VoiceChatClient/CMakeLists.txt */ = {isa = PBXBuildFile; fileRef = 4E974502208E4ACA8B273293 /* /Users/amin/Documents/CPPProjects/SimpeVoiceChat/VoiceChatClient/CMakeLists.txt */; };
		EF47647199124966969C602D /* /Users/amin/Documents/CPPProjects/SimpeVoiceChat/VoiceChatClient/SocketClient.h */ = {isa = PBXBuildFile; fileRef = 00AC328EF14640DABA9D76C0 /* /Users/amin/Documents/CPPProjects/SimpeVoiceChat/VoiceChatClient/SocketClient.h */; };
/* End PBXBuildFile section */

/* Begin PBXBuildStyle section */
		437EFC21098E4C32838F8C13 /* RelWithDebInfo */ = {
			isa = PBXBuildStyle;
			buildSettings = {
				COPY_PHASE_STRIP = NO;
			};
			name = RelWithDebInfo;
		};
		96B46BD2580C454E93BDA497 /* Release */ = {
			isa = PBXBuildStyle;
			buildSettings = {
				COPY_PHASE_STRIP = NO;
			};
			name = Release;
		};
		9A54BDCDF60D41A5A814EEE3 /* Debug */ = {
			isa = PBXBuildStyle;
			buildSettings = {
				COPY_PHASE_STRIP = NO;
			};
			name = Debug;
		};
		F181DC6F99DB4201A63E11C1 /* MinSizeRel */ = {
			isa = PBXBuildStyle;
			buildSettings = {
				COPY_PHASE_STRIP = NO;
			};
			name = MinSizeRel;
		};
/* End PBXBuildStyle section */

/* Begin PBXContainerItemProxy section */
		30A7E26C70C8415B9DD0A529 /* PBXContainerItemProxy */ = {
			isa = PBXContainerItemProxy;
			containerPortal = 1ADFA7D85CD943D9AD7B5D55 /* Project object */;
			proxyType = 1;
			remoteGlobalIDString = 0577973DBF0FCDC5F67C0BEC;
			remoteInfo = ZERO_CHECK;
		};
		48B3EF9FEE454EFCB1D834D5 /* PBXContainerItemProxy */ = {
			isa = PBXContainerItemProxy;
			containerPortal = 1ADFA7D85CD943D9AD7B5D55 /* Project object */;
			proxyType = 1;
			remoteGlobalIDString = BAC90B03E99588121CE4CE52;
			remoteInfo = VoiceChatClient;
		};
		9B9131CBA2334D66A43418B0 /* PBXContainerItemProxy */ = {
			isa = PBXContainerItemProxy;
			containerPortal = 1ADFA7D85CD943D9AD7B5D55 /* Project object */;
			proxyType = 1;
			remoteGlobalIDString = 0577973DBF0FCDC5F67C0BEC;
			remoteInfo = ZERO_CHECK;
		};
/* End PBXContainerItemProxy section */

/* Begin PBXFileReference section */
		00AC328EF14640DABA9D76C0 /* /Users/amin/Documents/CPPProjects/SimpeVoiceChat/VoiceChatClient/SocketClient.h */ = {isa = PBXFileReference; explicitFileType = sourcecode.c.h; fileEncoding = 4; name = SocketClient.h; path = SocketClient.h; sourceTree = SOURCE_ROOT; };
		0747394074F8441D963257E6 /* /Users/amin/Documents/CPPProjects/SimpeVoiceChat/VoiceChatClient/AudioTools.h */ = {isa = PBXFileReference; explicitFileType = sourcecode.c.h; fileEncoding = 4; name = AudioTools.h; path = AudioTools.h; sourceTree = SOURCE_ROOT; };
		35B734138A714006AD701C85 /* /Users/amin/Documents/CPPProjects/SimpeVoiceChat/VoiceChatClient/CMakeLists.txt */ = {isa = PBXFileReference; explicitFileType = sourcecode.text; fileEncoding = 4; name = CMakeLists.txt; path = CMakeLists.txt; sourceTree = SOURCE_ROOT; };
		4643C8DA087F455595D00FF5 /* /Users/amin/Documents/CPPProjects/SimpeVoiceChat/VoiceChatClient/AudioTools.cpp */ = {isa = PBXFileReference; explicitFileType = sourcecode.cpp.cpp; fileEncoding = 4; name = AudioTools.cpp; path = AudioTools.cpp; sourceTree = SOURCE_ROOT; };
		4E974502208E4ACA8B273293 /* /Users/amin/Documents/CPPProjects/SimpeVoiceChat/VoiceChatClient/CMakeLists.txt */ = {isa = PBXFileReference; explicitFileType = sourcecode.text; fileEncoding = 4; name = CMakeLists.txt; path = CMakeLists.txt; sourceTree = SOURCE_ROOT; };
		9EFED51046AD4F4D9D4AA8F0 /* /Users/amin/Documents/CPPProjects/SimpeVoiceChat/VoiceChatClient/SocketClient.cpp */ = {isa = PBXFileReference; explicitFileType = sourcecode.cpp.cpp; fileEncoding = 4; name = SocketClient.cpp; path = SocketClient.cpp; sourceTree = SOURCE_ROOT; };
		A0C4F3CDBA954596BD46E1AD /* /Users/amin/Documents/CPPProjects/SimpeVoiceChat/VoiceChatClient/main.cpp */ = {isa = PBXFileReference; explicitFileType = sourcecode.cpp.cpp; fileEncoding = 4; name = main.cpp; path = main.cpp; sourceTree = SOURCE_ROOT; };
		C4765A6AEC01490B9771B939 /* /Users/amin/Documents/CPPProjects/SimpeVoiceChat/VoiceChatClient/Message.h */ = {isa = PBXFileReference; explicitFileType = sourcecode.c.h; fileEncoding = 4; name = Message.h; path = Message.h; sourceTree = SOURCE_ROOT; };
		E8D2DC2FCDE346F996CE180C /* VoiceChatClient */ = {isa = PBXFileReference; explicitFileType = "compiled.mach-o.executable"; path = VoiceChatClient; sourceTree = BUILT_PRODUCTS_DIR; };
/* End PBXFileReference section */

/* Begin PBXFrameworksBuildPhase section */
		63E63B7A617D49699EDF195A /* Frameworks */ = {
			isa = PBXFrameworksBuildPhase;
			buildActionMask = 2147483647;
			files = (
			);
			runOnlyForDeploymentPostprocessing = 0;
		};
/* End PBXFrameworksBuildPhase section */

/* Begin PBXGroup section */
		6664FBCF19124A879B08B203 /* CMake Rules */ = {
			isa = PBXGroup;
			children = (
			);
			name = "CMake Rules";
			sourceTree = "<group>";
		};
		7C70C9A8225D43D993591EAA /* VoiceChatClient */ = {
			isa = PBXGroup;
			children = (
				97A0FE36034A4F158CF25FED /* Source Files */,
				E255826BD55B497195C6E39F /* Header Files */,
				4E974502208E4ACA8B273293 /* /Users/amin/Documents/CPPProjects/SimpeVoiceChat/VoiceChatClient/CMakeLists.txt */,
			);
			name = VoiceChatClient;
			sourceTree = "<group>";
		};
		882667412A764F2BAF09FD9C /* Resources */ = {
			isa = PBXGroup;
			children = (
			);
			name = Resources;
			sourceTree = "<group>";
		};
		9062F444779548FE8725AA91 /* Products */ = {
			isa = PBXGroup;
			children = (
				E8D2DC2FCDE346F996CE180C /* VoiceChatClient */,
			);
			name = Products;
			sourceTree = "<group>";
		};
		97A0FE36034A4F158CF25FED /* Source Files */ = {
			isa = PBXGroup;
			children = (
				4643C8DA087F455595D00FF5 /* /Users/amin/Documents/CPPProjects/SimpeVoiceChat/VoiceChatClient/AudioTools.cpp */,
				9EFED51046AD4F4D9D4AA8F0 /* /Users/amin/Documents/CPPProjects/SimpeVoiceChat/VoiceChatClient/SocketClient.cpp */,
				A0C4F3CDBA954596BD46E1AD /* /Users/amin/Documents/CPPProjects/SimpeVoiceChat/VoiceChatClient/main.cpp */,
			);
			name = "Source Files";
			sourceTree = "<group>";
		};
		E255826BD55B497195C6E39F /* Header Files */ = {
			isa = PBXGroup;
			children = (
				0747394074F8441D963257E6 /* /Users/amin/Documents/CPPProjects/SimpeVoiceChat/VoiceChatClient/AudioTools.h */,
				C4765A6AEC01490B9771B939 /* /Users/amin/Documents/CPPProjects/SimpeVoiceChat/VoiceChatClient/Message.h */,
				00AC328EF14640DABA9D76C0 /* /Users/amin/Documents/CPPProjects/SimpeVoiceChat/VoiceChatClient/SocketClient.h */,
			);
			name = "Header Files";
			sourceTree = "<group>";
		};
		F4E84D5528A4403394045C5C /* ALL_BUILD */ = {
			isa = PBXGroup;
			children = (
				6664FBCF19124A879B08B203 /* CMake Rules */,
				35B734138A714006AD701C85 /* /Users/amin/Documents/CPPProjects/SimpeVoiceChat/VoiceChatClient/CMakeLists.txt */,
			);
			name = ALL_BUILD;
			sourceTree = "<group>";
		};
		F748F70895574D8BA865B02F /* Frameworks */ = {
			isa = PBXGroup;
			children = (
			);
			name = Frameworks;
			sourceTree = "<group>";
		};
		FC0ECEE26F4B4934B628C506 = {
			isa = PBXGroup;
			children = (
				7C70C9A8225D43D993591EAA /* VoiceChatClient */,
				F4E84D5528A4403394045C5C /* ALL_BUILD */,
				9062F444779548FE8725AA91 /* Products */,
				F748F70895574D8BA865B02F /* Frameworks */,
				882667412A764F2BAF09FD9C /* Resources */,
			);
			sourceTree = "<group>";
		};
/* End PBXGroup section */

/* Begin PBXNativeTarget section */
		BAC90B03E99588121CE4CE52 /* VoiceChatClient */ = {
			isa = PBXNativeTarget;
			buildConfigurationList = E61269CAFA7C48CBBB1A5BB4 /* Build configuration list for PBXNativeTarget "VoiceChatClient" */;
			buildPhases = (
				4D33929F740244E6B5DAC999 /* Sources */,
				63E63B7A617D49699EDF195A /* Frameworks */,
			);
			buildRules = (
			);
			dependencies = (
				112A5149671E45619DAF2FEA /* PBXTargetDependency */,
			);
			name = VoiceChatClient;
			productName = VoiceChatClient;
			productReference = E8D2DC2FCDE346F996CE180C /* VoiceChatClient */;
			productType = "com.apple.product-type.tool";
		};
/* End PBXNativeTarget section */

/* Begin PBXProject section */
		1ADFA7D85CD943D9AD7B5D55 /* Project object */ = {
			isa = PBXProject;
			attributes = {
				BuildIndependentTargetsInParallel = YES;
				LastUpgradeCheck = 1520;
			};
			buildConfigurationList = 472DA45DB5624BC8B16CBACA /* Build configuration list for PBXProject "VoiceChatClient" */;
			buildSettings = {
			};
			buildStyles = (
				9A54BDCDF60D41A5A814EEE3 /* Debug */,
				96B46BD2580C454E93BDA497 /* Release */,
				F181DC6F99DB4201A63E11C1 /* MinSizeRel */,
				437EFC21098E4C32838F8C13 /* RelWithDebInfo */,
			);
			compatibilityVersion = "Xcode 3.2";
			hasScannedForEncodings = 0;
			mainGroup = FC0ECEE26F4B4934B628C506;
			projectDirPath = .;
			projectRoot = "";
			targets = (
				7DD0C3EC7E707C491D7BB5D2 /* ALL_BUILD */,
				BAC90B03E99588121CE4CE52 /* VoiceChatClient */,
				0577973DBF0FCDC5F67C0BEC /* ZERO_CHECK */,
			);
		};
/* End PBXProject section */

/* Begin PBXShellScriptBuildPhase section */
		3C0110FC8322DE7E50886E21 = {
			isa = PBXShellScriptBuildPhase;
			buildActionMask = 2147483647;
			files = (
			);
			inputPaths = (
			);
			outputPaths = (
			);
			runOnlyForDeploymentPostprocessing = 0;
			shellPath = /bin/sh;
			shellScript = "# shell script goes here
exit 0";
			showEnvVarsInLog = 0;
		};
		53AD72DF46A6B8A6D84FE727 /* Generate CMakeFiles/ZERO_CHECK */ = {
			isa = PBXShellScriptBuildPhase;
			alwaysOutOfDate = 1;
			buildActionMask = 2147483647;
			files = (
			);
			inputPaths = (
			);
			name = "Generate CMakeFiles/ZERO_CHECK";
			outputPaths = (
/Users/amin/Documents/CPPProjects/SimpeVoiceChat/VoiceChatClient/CMakeFiles/ZERO_CHECK			);
			runOnlyForDeploymentPostprocessing = 0;
			shellPath = /bin/sh;
			shellScript = "set -e
if test \"$CONFIGURATION\" = \"Debug\"; then :
  cd /Users/amin/Documents/CPPProjects/SimpeVoiceChat/VoiceChatClient
  make -f /Users/amin/Documents/CPPProjects/SimpeVoiceChat/VoiceChatClient/CMakeScripts/ReRunCMake.make
fi
if test \"$CONFIGURATION\" = \"Release\"; then :
  cd /Users/amin/Documents/CPPProjects/SimpeVoiceChat/VoiceChatClient
  make -f /Users/amin/Documents/CPPProjects/SimpeVoiceChat/VoiceChatClient/CMakeScripts/ReRunCMake.make
fi
if test \"$CONFIGURATION\" = \"MinSizeRel\"; then :
  cd /Users/amin/Documents/CPPProjects/SimpeVoiceChat/VoiceChatClient
  make -f /Users/amin/Documents/CPPProjects/SimpeVoiceChat/VoiceChatClient/CMakeScripts/ReRunCMake.make
fi
if test \"$CONFIGURATION\" = \"RelWithDebInfo\"; then :
  cd /Users/amin/Documents/CPPProjects/SimpeVoiceChat/VoiceChatClient
  make -f /Users/amin/Documents/CPPProjects/SimpeVoiceChat/VoiceChatClient/CMakeScripts/ReRunCMake.make
fi
";
			showEnvVarsInLog = 0;
		};
		6073BEC2C1228787D446BE3E /* Generate CMakeFiles/ALL_BUILD */ = {
			isa = PBXShellScriptBuildPhase;
			alwaysOutOfDate = 1;
			buildActionMask = 2147483647;
			files = (
			);
			inputPaths = (
			);
			name = "Generate CMakeFiles/ALL_BUILD";
			outputPaths = (
/Users/amin/Documents/CPPProjects/SimpeVoiceChat/VoiceChatClient/CMakeFiles/ALL_BUILD			);
			runOnlyForDeploymentPostprocessing = 0;
			shellPath = /bin/sh;
			shellScript = "set -e
if test \"$CONFIGURATION\" = \"Debug\"; then :
  cd /Users/amin/Documents/CPPProjects/SimpeVoiceChat/VoiceChatClient
  echo Build\\ all\\ projects
fi
if test \"$CONFIGURATION\" = \"Release\"; then :
  cd /Users/amin/Documents/CPPProjects/SimpeVoiceChat/VoiceChatClient
  echo Build\\ all\\ projects
fi
if test \"$CONFIGURATION\" = \"MinSizeRel\"; then :
  cd /Users/amin/Documents/CPPProjects/SimpeVoiceChat/VoiceChatClient
  echo Build\\ all\\ projects
fi
if test \"$CONFIGURATION\" = \"RelWithDebInfo\"; then :
  cd /Users/amin/Documents/CPPProjects/SimpeVoiceChat/VoiceChatClient
  echo Build\\ all\\ projects
fi
";
			showEnvVarsInLog = 0;
		};
		9B50530E35CC49C82C2FACCF = {
			isa = PBXShellScriptBuildPhase;
			buildActionMask = 2147483647;
			files = (
			);
			inputPaths = (
			);
			outputPaths = (
			);
			runOnlyForDeploymentPostprocessing = 0;
			shellPath = /bin/sh;
			shellScript = "# shell script goes here
exit 0";
			showEnvVarsInLog = 0;
		};
/* End PBXShellScriptBuildPhase section */

/* Begin PBXSourcesBuildPhase section */
		4D33929F740244E6B5DAC999 /* Sources */ = {
			isa = PBXSourcesBuildPhase;
			buildActionMask = 2147483647;
			files = (
				781386E5FBB74D6EA17EA0D7 /* /Users/amin/Documents/CPPProjects/SimpeVoiceChat/VoiceChatClient/AudioTools.cpp */,
				A465FEF1B5B249D987BC9AF0 /* /Users/amin/Documents/CPPProjects/SimpeVoiceChat/VoiceChatClient/SocketClient.cpp */,
				4DC1D962B1D24F73B2BB96A1 /* /Users/amin/Documents/CPPProjects/SimpeVoiceChat/VoiceChatClient/main.cpp */,
			);
			runOnlyForDeploymentPostprocessing = 0;
		};
/* End PBXSourcesBuildPhase section */

/* Begin PBXTargetDependency section */
		0EF93499E5E7419A8674C96C /* PBXTargetDependency */ = {
			isa = PBXTargetDependency;
			target = 0577973DBF0FCDC5F67C0BEC /* ZERO_CHECK */;
			targetProxy = 30A7E26C70C8415B9DD0A529 /* PBXContainerItemProxy */;
		};
		112A5149671E45619DAF2FEA /* PBXTargetDependency */ = {
			isa = PBXTargetDependency;
			target = 0577973DBF0FCDC5F67C0BEC /* ZERO_CHECK */;
			targetProxy = 9B9131CBA2334D66A43418B0 /* PBXContainerItemProxy */;
		};
		67F1627B4CB642F48AB92B6A /* PBXTargetDependency */ = {
			isa = PBXTargetDependency;
			target = BAC90B03E99588121CE4CE52 /* VoiceChatClient */;
			targetProxy = 48B3EF9FEE454EFCB1D834D5 /* PBXContainerItemProxy */;
		};
/* End PBXTargetDependency section */

/* Begin XCBuildConfiguration section */
		178F6C7BE39148C194935F81 /* MinSizeRel */ = {
			isa = XCBuildConfiguration;
			buildSettings = {
				ALWAYS_SEARCH_USER_PATHS = NO;
				ARCHS = arm64;
				COMBINE_HIDPI_IMAGES = YES;
				GCC_GENERATE_DEBUGGING_SYMBOLS = YES;
				GCC_INLINES_ARE_PRIVATE_EXTERN = NO;
				GCC_OPTIMIZATION_LEVEL = 0;
				GCC_PREPROCESSOR_DEFINITIONS = ("'CMAKE_INTDIR=\"$(CONFIGURATION)$(EFFECTIVE_PLATFORM_NAME)\"'","$(inherited)");
				GCC_SYMBOLS_PRIVATE_EXTERN = NO;
				INSTALL_PATH = "";
				ONLY_ACTIVE_ARCH = NO;
				OTHER_LDFLAGS = ("","$(inherited)");
				OTHER_REZFLAGS = "";
				PRODUCT_NAME = ALL_BUILD;
				SECTORDER_FLAGS = "";
				USE_HEADERMAP = NO;
				WARNING_CFLAGS = ("$(inherited)");
			};
			name = MinSizeRel;
		};
		1D708C1D20FC4BB8B410EC87 /* RelWithDebInfo */ = {
			isa = XCBuildConfiguration;
			buildSettings = {
				ARCHS = arm64;
				SDKROOT = /Applications/Xcode.app/Contents/Developer/Platforms/MacOSX.platform/Developer/SDKs/MacOSX14.2.sdk;
				SWIFT_COMPILATION_MODE = wholemodule;
				SYMROOT = /Users/amin/Documents/CPPProjects/SimpeVoiceChat/VoiceChatClient/build;
			};
			name = RelWithDebInfo;
		};
		216D7242E9DB43E0A556DC87 /* Release */ = {
			isa = XCBuildConfiguration;
			buildSettings = {
				ALWAYS_SEARCH_USER_PATHS = NO;
				ARCHS = arm64;
				COMBINE_HIDPI_IMAGES = YES;
				GCC_GENERATE_DEBUGGING_SYMBOLS = YES;
				GCC_INLINES_ARE_PRIVATE_EXTERN = NO;
				GCC_OPTIMIZATION_LEVEL = 0;
				GCC_PREPROCESSOR_DEFINITIONS = ("'CMAKE_INTDIR=\"$(CONFIGURATION)$(EFFECTIVE_PLATFORM_NAME)\"'","$(inherited)");
				GCC_SYMBOLS_PRIVATE_EXTERN = NO;
				INSTALL_PATH = "";
				ONLY_ACTIVE_ARCH = NO;
				OTHER_LDFLAGS = ("","$(inherited)");
				OTHER_REZFLAGS = "";
				PRODUCT_NAME = ZERO_CHECK;
				SECTORDER_FLAGS = "";
				USE_HEADERMAP = NO;
				WARNING_CFLAGS = ("$(inherited)");
			};
			name = Release;
		};
		3CBBDA141FE346CAA2203328 /* Debug */ = {
			isa = XCBuildConfiguration;
			buildSettings = {
				ALWAYS_SEARCH_USER_PATHS = NO;
				ARCHS = arm64;
				COMBINE_HIDPI_IMAGES = YES;
				GCC_GENERATE_DEBUGGING_SYMBOLS = YES;
				GCC_INLINES_ARE_PRIVATE_EXTERN = NO;
				GCC_OPTIMIZATION_LEVEL = 0;
				GCC_PREPROCESSOR_DEFINITIONS = ("'CMAKE_INTDIR=\"$(CONFIGURATION)$(EFFECTIVE_PLATFORM_NAME)\"'","$(inherited)");
				GCC_SYMBOLS_PRIVATE_EXTERN = NO;
				INSTALL_PATH = "";
				ONLY_ACTIVE_ARCH = NO;
				OTHER_LDFLAGS = ("","$(inherited)");
				OTHER_REZFLAGS = "";
				PRODUCT_NAME = ALL_BUILD;
				SECTORDER_FLAGS = "";
				USE_HEADERMAP = NO;
				WARNING_CFLAGS = ("$(inherited)");
			};
			name = Debug;
		};
		3E562EA0373446F2B16389F2 /* Debug */ = {
			isa = XCBuildConfiguration;
			buildSettings = {
				ALWAYS_SEARCH_USER_PATHS = NO;
				ARCHS = arm64;
				COMBINE_HIDPI_IMAGES = YES;
				CONFIGURATION_BUILD_DIR = /Users/amin/Documents/CPPProjects/SimpeVoiceChat/VoiceChatClient/Debug;
				EXECUTABLE_PREFIX = "";
				EXECUTABLE_SUFFIX = "";
				GCC_GENERATE_DEBUGGING_SYMBOLS = YES;
				GCC_INLINES_ARE_PRIVATE_EXTERN = NO;
				GCC_OPTIMIZATION_LEVEL = 0;
				GCC_PREPROCESSOR_DEFINITIONS = ("'CMAKE_INTDIR=\"$(CONFIGURATION)$(EFFECTIVE_PLATFORM_NAME)\"'",OSX,"$(inherited)");
				GCC_SYMBOLS_PRIVATE_EXTERN = NO;
				INSTALL_PATH = "";
				LD_RUNPATH_SEARCH_PATHS = ("/Users/amin/Documents/CPPProjects/SimpeVoiceChat/VoiceChatClient/vcpkg_installed/arm64-osx/debug/lib","$(inherited)");
				ONLY_ACTIVE_ARCH = NO;
				OTHER_CPLUSPLUSFLAGS = "   '-std=gnu++17' ";
				OTHER_LDFLAGS = (" -Wl,-search_paths_first -Wl,-headerpad_max_install_names","/Users/amin/Documents/CPPProjects/SimpeVoiceChat/VoiceChatClient/vcpkg_installed/arm64-osx/debug/lib/libGameNetworkingSockets.dylib","/Users/amin/Documents/CPPProjects/SimpeVoiceChat/VoiceChatClient/vcpkg_installed/arm64-osx/debug/lib/libportaudio.a","/Users/amin/Documents/CPPProjects/SimpeVoiceChat/VoiceChatClient/vcpkg_installed/arm64-osx/debug/lib/libprotobufd.a","/Users/amin/Documents/CPPProjects/SimpeVoiceChat/VoiceChatClient/vcpkg_installed/arm64-osx/debug/lib/libcrypto.a","-Wl,-framework,CoreAudio","-Wl,-framework,AudioToolbox","-Wl,-framework,AudioUnit","-Wl,-framework,CoreFoundation","-Wl,-framework,CoreServices","-lm","-lpthread","$(inherited)");
				OTHER_REZFLAGS = "";
				PRODUCT_NAME = VoiceChatClient;
				SECTORDER_FLAGS = "";
				SYSTEM_HEADER_SEARCH_PATHS = ("/Users/amin/Documents/CPPProjects/SimpeVoiceChat/VoiceChatClient/vcpkg_installed/arm64-osx/include/GameNetworkingSockets","/Users/amin/Documents/CPPProjects/SimpeVoiceChat/VoiceChatClient/vcpkg_installed/arm64-osx/include","$(inherited)");
				TARGET_TEMP_DIR = "/Users/amin/Documents/CPPProjects/SimpeVoiceChat/VoiceChatClient/build/VoiceChatClient.build/$(CONFIGURATION)$(EFFECTIVE_PLATFORM_NAME)";
				USE_HEADERMAP = NO;
				WARNING_CFLAGS = ("$(inherited)");
			};
			name = Debug;
		};
		42DA1A3688F349DEB16E1413 /* Debug */ = {
			isa = XCBuildConfiguration;
			buildSettings = {
				ARCHS = arm64;
				SDKROOT = /Applications/Xcode.app/Contents/Developer/Platforms/MacOSX.platform/Developer/SDKs/MacOSX14.2.sdk;
				SYMROOT = /Users/amin/Documents/CPPProjects/SimpeVoiceChat/VoiceChatClient/build;
			};
			name = Debug;
		};
		4C13297709084C7D92A17254 /* MinSizeRel */ = {
			isa = XCBuildConfiguration;
			buildSettings = {
				ARCHS = arm64;
				SDKROOT = /Applications/Xcode.app/Contents/Developer/Platforms/MacOSX.platform/Developer/SDKs/MacOSX14.2.sdk;
				SWIFT_COMPILATION_MODE = wholemodule;
				SYMROOT = /Users/amin/Documents/CPPProjects/SimpeVoiceChat/VoiceChatClient/build;
			};
			name = MinSizeRel;
		};
		6C598B52508E4FE5B69EE2B1 /* RelWithDebInfo */ = {
			isa = XCBuildConfiguration;
			buildSettings = {
				ALWAYS_SEARCH_USER_PATHS = NO;
				ARCHS = arm64;
				COMBINE_HIDPI_IMAGES = YES;
				CONFIGURATION_BUILD_DIR = /Users/amin/Documents/CPPProjects/SimpeVoiceChat/VoiceChatClient/RelWithDebInfo;
				EXECUTABLE_PREFIX = "";
				EXECUTABLE_SUFFIX = "";
				GCC_GENERATE_DEBUGGING_SYMBOLS = YES;
				GCC_INLINES_ARE_PRIVATE_EXTERN = NO;
				GCC_OPTIMIZATION_LEVEL = 2;
				GCC_PREPROCESSOR_DEFINITIONS = ("'CMAKE_INTDIR=\"$(CONFIGURATION)$(EFFECTIVE_PLATFORM_NAME)\"'",OSX,"$(inherited)");
				GCC_SYMBOLS_PRIVATE_EXTERN = NO;
				INSTALL_PATH = "";
				LD_RUNPATH_SEARCH_PATHS = ("/Users/amin/Documents/CPPProjects/SimpeVoiceChat/VoiceChatClient/vcpkg_installed/arm64-osx/lib","$(inherited)");
				ONLY_ACTIVE_ARCH = NO;
				OTHER_CPLUSPLUSFLAGS = "       -DNDEBUG '-std=gnu++17' ";
				OTHER_LDFLAGS = (" -Wl,-search_paths_first -Wl,-headerpad_max_install_names","/Users/amin/Documents/CPPProjects/SimpeVoiceChat/VoiceChatClient/vcpkg_installed/arm64-osx/lib/libGameNetworkingSockets.dylib","/Users/amin/Documents/CPPProjects/SimpeVoiceChat/VoiceChatClient/vcpkg_installed/arm64-osx/lib/libportaudio.a","/Users/amin/Documents/CPPProjects/SimpeVoiceChat/VoiceChatClient/vcpkg_installed/arm64-osx/lib/libprotobuf.a","/Users/amin/Documents/CPPProjects/SimpeVoiceChat/VoiceChatClient/vcpkg_installed/arm64-osx/debug/lib/libcrypto.a","-Wl,-framework,CoreAudio","-Wl,-framework,AudioToolbox","-Wl,-framework,AudioUnit","-Wl,-framework,CoreFoundation","-Wl,-framework,CoreServices","-lm","-lpthread","$(inherited)");
				OTHER_REZFLAGS = "";
				PRODUCT_NAME = VoiceChatClient;
				SECTORDER_FLAGS = "";
				SYSTEM_HEADER_SEARCH_PATHS = ("/Users/amin/Documents/CPPProjects/SimpeVoiceChat/VoiceChatClient/vcpkg_installed/arm64-osx/include/GameNetworkingSockets","/Users/amin/Documents/CPPProjects/SimpeVoiceChat/VoiceChatClient/vcpkg_installed/arm64-osx/include","$(inherited)");
				TARGET_TEMP_DIR = "/Users/amin/Documents/CPPProjects/SimpeVoiceChat/VoiceChatClient/build/VoiceChatClient.build/$(CONFIGURATION)$(EFFECTIVE_PLATFORM_NAME)";
				USE_HEADERMAP = NO;
				WARNING_CFLAGS = ("$(inherited)");
			};
			name = RelWithDebInfo;
		};
		723835F7A8AB4EB49AA5D98E /* RelWithDebInfo */ = {
			isa = XCBuildConfiguration;
			buildSettings = {
				ALWAYS_SEARCH_USER_PATHS = NO;
				ARCHS = arm64;
				COMBINE_HIDPI_IMAGES = YES;
				GCC_GENERATE_DEBUGGING_SYMBOLS = YES;
				GCC_INLINES_ARE_PRIVATE_EXTERN = NO;
				GCC_OPTIMIZATION_LEVEL = 0;
				GCC_PREPROCESSOR_DEFINITIONS = ("'CMAKE_INTDIR=\"$(CONFIGURATION)$(EFFECTIVE_PLATFORM_NAME)\"'","$(inherited)");
				GCC_SYMBOLS_PRIVATE_EXTERN = NO;
				INSTALL_PATH = "";
				ONLY_ACTIVE_ARCH = NO;
				OTHER_LDFLAGS = ("","$(inherited)");
				OTHER_REZFLAGS = "";
				PRODUCT_NAME = ZERO_CHECK;
				SECTORDER_FLAGS = "";
				USE_HEADERMAP = NO;
				WARNING_CFLAGS = ("$(inherited)");
			};
			name = RelWithDebInfo;
		};
		AFF409F2A5F54C9089D49623 /* MinSizeRel */ = {
			isa = XCBuildConfiguration;
			buildSettings = {
				ALWAYS_SEARCH_USER_PATHS = NO;
				ARCHS = arm64;
				COMBINE_HIDPI_IMAGES = YES;
				CONFIGURATION_BUILD_DIR = /Users/amin/Documents/CPPProjects/SimpeVoiceChat/VoiceChatClient/MinSizeRel;
				EXECUTABLE_PREFIX = "";
				EXECUTABLE_SUFFIX = "";
				GCC_GENERATE_DEBUGGING_SYMBOLS = NO;
				GCC_INLINES_ARE_PRIVATE_EXTERN = NO;
				GCC_OPTIMIZATION_LEVEL = s;
				GCC_PREPROCESSOR_DEFINITIONS = ("'CMAKE_INTDIR=\"$(CONFIGURATION)$(EFFECTIVE_PLATFORM_NAME)\"'",OSX,"$(inherited)");
				GCC_SYMBOLS_PRIVATE_EXTERN = NO;
				INSTALL_PATH = "";
				LD_RUNPATH_SEARCH_PATHS = ("/Users/amin/Documents/CPPProjects/SimpeVoiceChat/VoiceChatClient/vcpkg_installed/arm64-osx/lib","$(inherited)");
				ONLY_ACTIVE_ARCH = NO;
				OTHER_CPLUSPLUSFLAGS = "    -DNDEBUG '-std=gnu++17' ";
				OTHER_LDFLAGS = (" -Wl,-search_paths_first -Wl,-headerpad_max_install_names","/Users/amin/Documents/CPPProjects/SimpeVoiceChat/VoiceChatClient/vcpkg_installed/arm64-osx/lib/libGameNetworkingSockets.dylib","/Users/amin/Documents/CPPProjects/SimpeVoiceChat/VoiceChatClient/vcpkg_installed/arm64-osx/lib/libportaudio.a","/Users/amin/Documents/CPPProjects/SimpeVoiceChat/VoiceChatClient/vcpkg_installed/arm64-osx/lib/libprotobuf.a","/Users/amin/Documents/CPPProjects/SimpeVoiceChat/VoiceChatClient/vcpkg_installed/arm64-osx/debug/lib/libcrypto.a","-Wl,-framework,CoreAudio","-Wl,-framework,AudioToolbox","-Wl,-framework,AudioUnit","-Wl,-framework,CoreFoundation","-Wl,-framework,CoreServices","-lm","-lpthread","$(inherited)");
				OTHER_REZFLAGS = "";
				PRODUCT_NAME = VoiceChatClient;
				SECTORDER_FLAGS = "";
				SYSTEM_HEADER_SEARCH_PATHS = ("/Users/amin/Documents/CPPProjects/SimpeVoiceChat/VoiceChatClient/vcpkg_installed/arm64-osx/include/GameNetworkingSockets","/Users/amin/Documents/CPPProjects/SimpeVoiceChat/VoiceChatClient/vcpkg_installed/arm64-osx/include","$(inherited)");
				TARGET_TEMP_DIR = "/Users/amin/Documents/CPPProjects/SimpeVoiceChat/VoiceChatClient/build/VoiceChatClient.build/$(CONFIGURATION)$(EFFECTIVE_PLATFORM_NAME)";
				USE_HEADERMAP = NO;
				WARNING_CFLAGS = ("$(inherited)");
			};
			name = MinSizeRel;
		};
		BDB8A6BD06174831A12C350E /* Release */ = {
			isa = XCBuildConfiguration;
			buildSettings = {
				ALWAYS_SEARCH_USER_PATHS = NO;
				ARCHS = arm64;
				COMBINE_HIDPI_IMAGES = YES;
				GCC_GENERATE_DEBUGGING_SYMBOLS = YES;
				GCC_INLINES_ARE_PRIVATE_EXTERN = NO;
				GCC_OPTIMIZATION_LEVEL = 0;
				GCC_PREPROCESSOR_DEFINITIONS = ("'CMAKE_INTDIR=\"$(CONFIGURATION)$(EFFECTIVE_PLATFORM_NAME)\"'","$(inherited)");
				GCC_SYMBOLS_PRIVATE_EXTERN = NO;
				INSTALL_PATH = "";
				ONLY_ACTIVE_ARCH = NO;
				OTHER_LDFLAGS = ("","$(inherited)");
				OTHER_REZFLAGS = "";
				PRODUCT_NAME = ALL_BUILD;
				SECTORDER_FLAGS = "";
				USE_HEADERMAP = NO;
				WARNING_CFLAGS = ("$(inherited)");
			};
			name = Release;
		};
		C461E00D5E134BF1AFB1FFED /* MinSizeRel */ = {
			isa = XCBuildConfiguration;
			buildSettings = {
				ALWAYS_SEARCH_USER_PATHS = NO;
				ARCHS = arm64;
				COMBINE_HIDPI_IMAGES = YES;
				GCC_GENERATE_DEBUGGING_SYMBOLS = YES;
				GCC_INLINES_ARE_PRIVATE_EXTERN = NO;
				GCC_OPTIMIZATION_LEVEL = 0;
				GCC_PREPROCESSOR_DEFINITIONS = ("'CMAKE_INTDIR=\"$(CONFIGURATION)$(EFFECTIVE_PLATFORM_NAME)\"'","$(inherited)");
				GCC_SYMBOLS_PRIVATE_EXTERN = NO;
				INSTALL_PATH = "";
				ONLY_ACTIVE_ARCH = NO;
				OTHER_LDFLAGS = ("","$(inherited)");
				OTHER_REZFLAGS = "";
				PRODUCT_NAME = ZERO_CHECK;
				SECTORDER_FLAGS = "";
				USE_HEADERMAP = NO;
				WARNING_CFLAGS = ("$(inherited)");
			};
			name = MinSizeRel;
		};
		D6DAD9BF5E2B4510814519E3 /* Release */ = {
			isa = XCBuildConfiguration;
			buildSettings = {
				ARCHS = arm64;
				SDKROOT = /Applications/Xcode.app/Contents/Developer/Platforms/MacOSX.platform/Developer/SDKs/MacOSX14.2.sdk;
				SWIFT_COMPILATION_MODE = wholemodule;
				SYMROOT = /Users/amin/Documents/CPPProjects/SimpeVoiceChat/VoiceChatClient/build;
			};
			name = Release;
		};
		D9C680F4B8544E2C9CE45AF8 /* Release */ = {
			isa = XCBuildConfiguration;
			buildSettings = {
				ALWAYS_SEARCH_USER_PATHS = NO;
				ARCHS = arm64;
				COMBINE_HIDPI_IMAGES = YES;
				CONFIGURATION_BUILD_DIR = /Users/amin/Documents/CPPProjects/SimpeVoiceChat/VoiceChatClient/Release;
				EXECUTABLE_PREFIX = "";
				EXECUTABLE_SUFFIX = "";
				GCC_GENERATE_DEBUGGING_SYMBOLS = NO;
				GCC_INLINES_ARE_PRIVATE_EXTERN = NO;
				GCC_OPTIMIZATION_LEVEL = 3;
				GCC_PREPROCESSOR_DEFINITIONS = ("'CMAKE_INTDIR=\"$(CONFIGURATION)$(EFFECTIVE_PLATFORM_NAME)\"'",OSX,"$(inherited)");
				GCC_SYMBOLS_PRIVATE_EXTERN = NO;
				INSTALL_PATH = "";
				LD_RUNPATH_SEARCH_PATHS = ("/Users/amin/Documents/CPPProjects/SimpeVoiceChat/VoiceChatClient/vcpkg_installed/arm64-osx/lib","$(inherited)");
				ONLY_ACTIVE_ARCH = NO;
				OTHER_CPLUSPLUSFLAGS = "    -DNDEBUG '-std=gnu++17' ";
				OTHER_LDFLAGS = (" -Wl,-search_paths_first -Wl,-headerpad_max_install_names","/Users/amin/Documents/CPPProjects/SimpeVoiceChat/VoiceChatClient/vcpkg_installed/arm64-osx/lib/libGameNetworkingSockets.dylib","/Users/amin/Documents/CPPProjects/SimpeVoiceChat/VoiceChatClient/vcpkg_installed/arm64-osx/lib/libportaudio.a","/Users/amin/Documents/CPPProjects/SimpeVoiceChat/VoiceChatClient/vcpkg_installed/arm64-osx/lib/libprotobuf.a","/Users/amin/Documents/CPPProjects/SimpeVoiceChat/VoiceChatClient/vcpkg_installed/arm64-osx/debug/lib/libcrypto.a","-Wl,-framework,CoreAudio","-Wl,-framework,AudioToolbox","-Wl,-framework,AudioUnit","-Wl,-framework,CoreFoundation","-Wl,-framework,CoreServices","-lm","-lpthread","$(inherited)");
				OTHER_REZFLAGS = "";
				PRODUCT_NAME = VoiceChatClient;
				SECTORDER_FLAGS = "";
				SYSTEM_HEADER_SEARCH_PATHS = ("/Users/amin/Documents/CPPProjects/SimpeVoiceChat/VoiceChatClient/vcpkg_installed/arm64-osx/include/GameNetworkingSockets","/Users/amin/Documents/CPPProjects/SimpeVoiceChat/VoiceChatClient/vcpkg_installed/arm64-osx/include","$(inherited)");
				TARGET_TEMP_DIR = "/Users/amin/Documents/CPPProjects/SimpeVoiceChat/VoiceChatClient/build/VoiceChatClient.build/$(CONFIGURATION)$(EFFECTIVE_PLATFORM_NAME)";
				USE_HEADERMAP = NO;
				WARNING_CFLAGS = ("$(inherited)");
			};
			name = Release;
		};
		DD8F25761F6B4088986E7B56 /* Debug */ = {
			isa = XCBuildConfiguration;
			buildSettings = {
				ALWAYS_SEARCH_USER_PATHS = NO;
				ARCHS = arm64;
				COMBINE_HIDPI_IMAGES = YES;
				GCC_GENERATE_DEBUGGING_SYMBOLS = YES;
				GCC_INLINES_ARE_PRIVATE_EXTERN = NO;
				GCC_OPTIMIZATION_LEVEL = 0;
				GCC_PREPROCESSOR_DEFINITIONS = ("'CMAKE_INTDIR=\"$(CONFIGURATION)$(EFFECTIVE_PLATFORM_NAME)\"'","$(inherited)");
				GCC_SYMBOLS_PRIVATE_EXTERN = NO;
				INSTALL_PATH = "";
				ONLY_ACTIVE_ARCH = NO;
				OTHER_LDFLAGS = ("","$(inherited)");
				OTHER_REZFLAGS = "";
				PRODUCT_NAME = ZERO_CHECK;
				SECTORDER_FLAGS = "";
				USE_HEADERMAP = NO;
				WARNING_CFLAGS = ("$(inherited)");
			};
			name = Debug;
		};
		E636B2F3A8744445878F34A1 /* RelWithDebInfo */ = {
			isa = XCBuildConfiguration;
			buildSettings = {
				ALWAYS_SEARCH_USER_PATHS = NO;
				ARCHS = arm64;
				COMBINE_HIDPI_IMAGES = YES;
				GCC_GENERATE_DEBUGGING_SYMBOLS = YES;
				GCC_INLINES_ARE_PRIVATE_EXTERN = NO;
				GCC_OPTIMIZATION_LEVEL = 0;
				GCC_PREPROCESSOR_DEFINITIONS = ("'CMAKE_INTDIR=\"$(CONFIGURATION)$(EFFECTIVE_PLATFORM_NAME)\"'","$(inherited)");
				GCC_SYMBOLS_PRIVATE_EXTERN = NO;
				INSTALL_PATH = "";
				ONLY_ACTIVE_ARCH = NO;
				OTHER_LDFLAGS = ("","$(inherited)");
				OTHER_REZFLAGS = "";
				PRODUCT_NAME = ALL_BUILD;
				SECTORDER_FLAGS = "";
				USE_HEADERMAP = NO;
				WARNING_CFLAGS = ("$(inherited)");
			};
			name = RelWithDebInfo;
		};
/* End XCBuildConfiguration section */

/* Begin XCConfigurationList section */
		144FF06DD27E4EE98D74C19E /* Build configuration list for PBXAggregateTarget "ALL_BUILD" */ = {
			isa = XCConfigurationList;
			buildConfigurations = (
				3CBBDA141FE346CAA2203328 /* Debug */,
				BDB8A6BD06174831A12C350E /* Release */,
				178F6C7BE39148C194935F81 /* MinSizeRel */,
				E636B2F3A8744445878F34A1 /* RelWithDebInfo */,
			);
			defaultConfigurationIsVisible = 0;
			defaultConfigurationName = Debug;
		};
		472DA45DB5624BC8B16CBACA /* Build configuration list for PBXProject "VoiceChatClient" */ = {
			isa = XCConfigurationList;
			buildConfigurations = (
				42DA1A3688F349DEB16E1413 /* Debug */,
				D6DAD9BF5E2B4510814519E3 /* Release */,
				4C13297709084C7D92A17254 /* MinSizeRel */,
				1D708C1D20FC4BB8B410EC87 /* RelWithDebInfo */,
			);
			defaultConfigurationIsVisible = 0;
			defaultConfigurationName = Debug;
		};
		A0373E7EBDB24D559C0C4079 /* Build configuration list for PBXAggregateTarget "ZERO_CHECK" */ = {
			isa = XCConfigurationList;
			buildConfigurations = (
				DD8F25761F6B4088986E7B56 /* Debug */,
				216D7242E9DB43E0A556DC87 /* Release */,
				C461E00D5E134BF1AFB1FFED /* MinSizeRel */,
				723835F7A8AB4EB49AA5D98E /* RelWithDebInfo */,
			);
			defaultConfigurationIsVisible = 0;
			defaultConfigurationName = Debug;
		};
		E61269CAFA7C48CBBB1A5BB4 /* Build configuration list for PBXNativeTarget "VoiceChatClient" */ = {
			isa = XCConfigurationList;
			buildConfigurations = (
				3E562EA0373446F2B16389F2 /* Debug */,
				D9C680F4B8544E2C9CE45AF8 /* Release */,
				AFF409F2A5F54C9089D49623 /* MinSizeRel */,
				6C598B52508E4FE5B69EE2B1 /* RelWithDebInfo */,
			);
			defaultConfigurationIsVisible = 0;
			defaultConfigurationName = Debug;
		};
/* End XCConfigurationList section */
	};
	rootObject = 1ADFA7D85CD943D9AD7B5D55 /* Project object */;
}
